
Microsoft Visual Studio Solution File, Format Version 12.00
# Visual Studio Version 16
VisualStudioVersion = 16.0.30907.101
MinimumVisualStudioVersion = 10.0.40219.1
Project("{8BC9CEB8-8B4A-11D0-8D11-00A0C91BC942}") = "Ejercicio6", "Ejercicio6.vcxproj", "{ED73E16F-1761-449A-83F6-0C0C6508164D}"
EndProject
Global
	GlobalSection(SolutionConfigurationPlatforms) = preSolution
		Debug|x64 = Debug|x64
		Debug|x86 = Debug|x86
		Release|x64 = Release|x64
		Release|x86 = Release|x86
	EndGlobalSection
	GlobalSection(ProjectConfigurationPlatforms) = postSolution
		{ED73E16F-1761-449A-83F6-0C0C6508164D}.Debug|x64.ActiveCfg = Debug|x64
		{ED73E16F-1761-449A-83F6-0C0C6508164D}.Debug|x64.Build.0 = Debug|x64
		{ED73E16F-1761-449A-83F6-0C0C6508164D}.Debug|x86.ActiveCfg = Debug|Win32
		{ED73E16F-1761-449A-83F6-0C0C6508164D}.Debug|x86.Build.0 = Debug|Win32
		{ED73E16F-1761-449A-83F6-0C0C6508164D}.Release|x64.ActiveCfg = Release|x64
		{ED73E16F-1761-449A-83F6-0C0C6508164D}.Release|x64.Build.0 = Release|x64
		{ED73E16F-1761-449A-83F6-0C0C6508164D}.Release|x86.ActiveCfg = Release|Win32
		{ED73E16F-1761-449A-83F6-0C0C6508164D}.Release|x86.Build.0 = Release|Win32
	EndGlobalSection
	GlobalSection(SolutionProperties) = preSolution
		HideSolutionNode = FALSE
	EndGlobalSection
	GlobalSection(ExtensibilityGlobals) = postSolution
		SolutionGuid = {AE2F809E-CE87-4CDA-B433-21A0D59FD488}
	EndGlobalSection
EndGlobal
