
Microsoft Visual Studio Solution File, Format Version 12.00
# Visual Studio Version 16
VisualStudioVersion = 16.0.30907.101
MinimumVisualStudioVersion = 10.0.40219.1
Project("{8BC9CEB8-8B4A-11D0-8D11-00A0C91BC942}") = "Ejercicio_17", "Ejercicio_17.vcxproj", "{EECA364C-E74E-4DDB-933F-DCA6F0434D92}"
EndProject
Global
	GlobalSection(SolutionConfigurationPlatforms) = preSolution
		Debug|x64 = Debug|x64
		Debug|x86 = Debug|x86
		Release|x64 = Release|x64
		Release|x86 = Release|x86
	EndGlobalSection
	GlobalSection(ProjectConfigurationPlatforms) = postSolution
		{EECA364C-E74E-4DDB-933F-DCA6F0434D92}.Debug|x64.ActiveCfg = Debug|x64
		{EECA364C-E74E-4DDB-933F-DCA6F0434D92}.Debug|x64.Build.0 = Debug|x64
		{EECA364C-E74E-4DDB-933F-DCA6F0434D92}.Debug|x86.ActiveCfg = Debug|Win32
		{EECA364C-E74E-4DDB-933F-DCA6F0434D92}.Debug|x86.Build.0 = Debug|Win32
		{EECA364C-E74E-4DDB-933F-DCA6F0434D92}.Release|x64.ActiveCfg = Release|x64
		{EECA364C-E74E-4DDB-933F-DCA6F0434D92}.Release|x64.Build.0 = Release|x64
		{EECA364C-E74E-4DDB-933F-DCA6F0434D92}.Release|x86.ActiveCfg = Release|Win32
		{EECA364C-E74E-4DDB-933F-DCA6F0434D92}.Release|x86.Build.0 = Release|Win32
	EndGlobalSection
	GlobalSection(SolutionProperties) = preSolution
		HideSolutionNode = FALSE
	EndGlobalSection
	GlobalSection(ExtensibilityGlobals) = postSolution
		SolutionGuid = {4FE2E346-C50D-4959-B517-30FB1E326590}
	EndGlobalSection
EndGlobal
