
Microsoft Visual Studio Solution File, Format Version 12.00
# Visual Studio Version 16
VisualStudioVersion = 16.0.30907.101
MinimumVisualStudioVersion = 10.0.40219.1
Project("{8BC9CEB8-8B4A-11D0-8D11-00A0C91BC942}") = "ejercicio_12", "ejercicio_12.vcxproj", "{A6948EF4-4C7A-4FB0-A3BF-0724C9D6FEF1}"
EndProject
Global
	GlobalSection(SolutionConfigurationPlatforms) = preSolution
		Debug|x64 = Debug|x64
		Debug|x86 = Debug|x86
		Release|x64 = Release|x64
		Release|x86 = Release|x86
	EndGlobalSection
	GlobalSection(ProjectConfigurationPlatforms) = postSolution
		{A6948EF4-4C7A-4FB0-A3BF-0724C9D6FEF1}.Debug|x64.ActiveCfg = Debug|x64
		{A6948EF4-4C7A-4FB0-A3BF-0724C9D6FEF1}.Debug|x64.Build.0 = Debug|x64
		{A6948EF4-4C7A-4FB0-A3BF-0724C9D6FEF1}.Debug|x86.ActiveCfg = Debug|Win32
		{A6948EF4-4C7A-4FB0-A3BF-0724C9D6FEF1}.Debug|x86.Build.0 = Debug|Win32
		{A6948EF4-4C7A-4FB0-A3BF-0724C9D6FEF1}.Release|x64.ActiveCfg = Release|x64
		{A6948EF4-4C7A-4FB0-A3BF-0724C9D6FEF1}.Release|x64.Build.0 = Release|x64
		{A6948EF4-4C7A-4FB0-A3BF-0724C9D6FEF1}.Release|x86.ActiveCfg = Release|Win32
		{A6948EF4-4C7A-4FB0-A3BF-0724C9D6FEF1}.Release|x86.Build.0 = Release|Win32
	EndGlobalSection
	GlobalSection(SolutionProperties) = preSolution
		HideSolutionNode = FALSE
	EndGlobalSection
	GlobalSection(ExtensibilityGlobals) = postSolution
		SolutionGuid = {3C3EB15C-23D0-4A5D-BCC3-D5A8341F46B3}
	EndGlobalSection
EndGlobal
